
Microsoft Visual Studio Solution File, Format Version 12.00
# Visual Studio Version 17
VisualStudioVersion = 17.4.33205.214
MinimumVisualStudioVersion = 10.0.40219.1
Project("{FAE04EC0-301F-11D3-BF4B-00C04F79EFBC}") = "ProjetoBancoDeDados", "ProjetoBancoDeDados.csproj", "{7F60EE60-9C43-4FE6-832F-285C078A9CD1}"
EndProject
Global
	GlobalSection(SolutionConfigurationPlatforms) = preSolution
		Debug|Any CPU = Debug|Any CPU
		Release|Any CPU = Release|Any CPU
	EndGlobalSection
	GlobalSection(ProjectConfigurationPlatforms) = postSolution
		{7F60EE60-9C43-4FE6-832F-285C078A9CD1}.Debug|Any CPU.ActiveCfg = Debug|Any CPU
		{7F60EE60-9C43-4FE6-832F-285C078A9CD1}.Debug|Any CPU.Build.0 = Debug|Any CPU
		{7F60EE60-9C43-4FE6-832F-285C078A9CD1}.Release|Any CPU.ActiveCfg = Release|Any CPU
		{7F60EE60-9C43-4FE6-832F-285C078A9CD1}.Release|Any CPU.Build.0 = Release|Any CPU
	EndGlobalSection
	GlobalSection(SolutionProperties) = preSolution
		HideSolutionNode = FALSE
	EndGlobalSection
	GlobalSection(ExtensibilityGlobals) = postSolution
		SolutionGuid = {97DC716B-8B3B-4484-889F-1B249C316FAB}
	EndGlobalSection
EndGlobal
